
Microsoft Visual Studio Solution File, Format Version 12.00
# Visual Studio Version 16
VisualStudioVersion = 16.0.31729.503
MinimumVisualStudioVersion = 10.0.40219.1
Project("{9A19103F-16F7-4668-BE54-9A1E7A4F7556}") = "WebAppProduto", "WebAppProduto\WebAppProduto.csproj", "{7B7C5EB4-BCD0-4930-9E04-C1F2424BC761}"
EndProject
Global
	GlobalSection(SolutionConfigurationPlatforms) = preSolution
		Debug|Any CPU = Debug|Any CPU
		Release|Any CPU = Release|Any CPU
	EndGlobalSection
	GlobalSection(ProjectConfigurationPlatforms) = postSolution
		{7B7C5EB4-BCD0-4930-9E04-C1F2424BC761}.Debug|Any CPU.ActiveCfg = Debug|Any CPU
		{7B7C5EB4-BCD0-4930-9E04-C1F2424BC761}.Debug|Any CPU.Build.0 = Debug|Any CPU
		{7B7C5EB4-BCD0-4930-9E04-C1F2424BC761}.Release|Any CPU.ActiveCfg = Release|Any CPU
		{7B7C5EB4-BCD0-4930-9E04-C1F2424BC761}.Release|Any CPU.Build.0 = Release|Any CPU
	EndGlobalSection
	GlobalSection(SolutionProperties) = preSolution
		HideSolutionNode = FALSE
	EndGlobalSection
	GlobalSection(ExtensibilityGlobals) = postSolution
		SolutionGuid = {94FC5C8A-7956-4221-A255-B6A83427BF70}
	EndGlobalSection
EndGlobal
